
Microsoft Visual Studio Solution File, Format Version 12.00
# Visual Studio Version 17
VisualStudioVersion = 17.9.34607.119
MinimumVisualStudioVersion = 10.0.40219.1
Project("{FAE04EC0-301F-11D3-BF4B-00C04F79EFBC}") = "M7 Project", "M7 Project\M7 Project.csproj", "{68415694-0E6B-4436-8758-C234F600AABA}"
EndProject
Global
	GlobalSection(SolutionConfigurationPlatforms) = preSolution
		Debug|Any CPU = Debug|Any CPU
		Release|Any CPU = Release|Any CPU
	EndGlobalSection
	GlobalSection(ProjectConfigurationPlatforms) = postSolution
		{68415694-0E6B-4436-8758-C234F600AABA}.Debug|Any CPU.ActiveCfg = Debug|Any CPU
		{68415694-0E6B-4436-8758-C234F600AABA}.Debug|Any CPU.Build.0 = Debug|Any CPU
		{68415694-0E6B-4436-8758-C234F600AABA}.Release|Any CPU.ActiveCfg = Release|Any CPU
		{68415694-0E6B-4436-8758-C234F600AABA}.Release|Any CPU.Build.0 = Release|Any CPU
	EndGlobalSection
	GlobalSection(SolutionProperties) = preSolution
		HideSolutionNode = FALSE
	EndGlobalSection
	GlobalSection(ExtensibilityGlobals) = postSolution
		SolutionGuid = {18FA0EBF-EDFA-4BB3-855F-5FC955B4D0E0}
	EndGlobalSection
EndGlobal
